// !$*UTF8*$!
{
	archiveVersion = 1;
	classes = {
	};
	objectVersion = 46;
	objects = {

/* Begin PBXBuildFile section */
		3CC215B11DB0DBCD000C2D67 /* main.m in Sources */ = {isa = PBXBuildFile; fileRef = 3CC215B01DB0DBCD000C2D67 /* main.m */; };
		3CC215B41DB0DBCD000C2D67 /* AppDelegate.m in Sources */ = {isa = PBXBuildFile; fileRef = 3CC215B31DB0DBCD000C2D67 /* AppDelegate.m */; };
		3CC215B71DB0DBCD000C2D67 /* ViewController.m in Sources */ = {isa = PBXBuildFile; fileRef = 3CC215B61DB0DBCD000C2D67 /* ViewController.m */; };
		3CC215BA1DB0DBCD000C2D67 /* Main.storyboard in Resources */ = {isa = PBXBuildFile; fileRef = 3CC215B81DB0DBCD000C2D67 /* Main.storyboard */; };
		3CC215BD1DB0DBCD000C2D67 /* mappp.xcdatamodeld in Sources */ = {isa = PBXBuildFile; fileRef = 3CC215BB1DB0DBCD000C2D67 /* mappp.xcdatamodeld */; };
		3CC215BF1DB0DBCD000C2D67 /* Assets.xcassets in Resources */ = {isa = PBXBuildFile; fileRef = 3CC215BE1DB0DBCD000C2D67 /* Assets.xcassets */; };
		3CC215C21DB0DBCD000C2D67 /* LaunchScreen.storyboard in Resources */ = {isa = PBXBuildFile; fileRef = 3CC215C01DB0DBCD000C2D67 /* LaunchScreen.storyboard */; };
		3CC215CA1DB0DC21000C2D67 /* CoreLocation.framework in Frameworks */ = {isa = PBXBuildFile; fileRef = 3CC215C91DB0DC21000C2D67 /* CoreLocation.framework */; };
		3CC215CC1DB0DC2E000C2D67 /* MapKit.framework in Frameworks */ = {isa = PBXBuildFile; fileRef = 3CC215CB1DB0DC2E000C2D67 /* MapKit.framework */; };
		3CC215CF1DB0DCE0000C2D67 /* TableViewCell.m in Sources */ = {isa = PBXBuildFile; fileRef = 3CC215CE1DB0DCE0000C2D67 /* TableViewCell.m */; };
		3CC215D21DB0DD10000C2D67 /* secViewController.m in Sources */ = {isa = PBXBuildFile; fileRef = 3CC215D11DB0DD10000C2D67 /* secViewController.m */; };
		3CC215D41DB0DDC8000C2D67 /* test.plist in Resources */ = {isa = PBXBuildFile; fileRef = 3CC215D31DB0DDC8000C2D67 /* test.plist */; };
/* End PBXBuildFile section */

/* Begin PBXFileReference section */
		3CC215AC1DB0DBCD000C2D67 /* mappp.app */ = {isa = PBXFileReference; explicitFileType = wrapper.application; includeInIndex = 0; path = mappp.app; sourceTree = BUILT_PRODUCTS_DIR; };
		3CC215B01DB0DBCD000C2D67 /* main.m */ = {isa = PBXFileReference; lastKnownFileType = sourcecode.c.objc; path = main.m; sourceTree = "<group>"; };
		3CC215B21DB0DBCD000C2D67 /* AppDelegate.h */ = {isa = PBXFileReference; lastKnownFileType = sourcecode.c.h; path = AppDelegate.h; sourceTree = "<group>"; };
		3CC215B31DB0DBCD000C2D67 /* AppDelegate.m */ = {isa = PBXFileReference; lastKnownFileType = sourcecode.c.objc; path = AppDelegate.m; sourceTree = "<group>"; };
		3CC215B51DB0DBCD000C2D67 /* ViewController.h */ = {isa = PBXFileReference; lastKnownFileType = sourcecode.c.h; path = ViewController.h; sourceTree = "<group>"; };
		3CC215B61DB0DBCD000C2D67 /* ViewController.m */ = {isa = PBXFileReference; lastKnownFileType = sourcecode.c.objc; path = ViewController.m; sourceTree = "<group>"; };
		3CC215B91DB0DBCD000C2D67 /* Base */ = {isa = PBXFileReference; lastKnownFileType = file.storyboard; name = Base; path = Base.lproj/Main.storyboard; sourceTree = "<group>"; };
		3CC215BC1DB0DBCD000C2D67 /* mappp.xcdatamodel */ = {isa = PBXFileReference; lastKnownFileType = wrapper.xcdatamodel; path = mappp.xcdatamodel; sourceTree = "<group>"; };
		3CC215BE1DB0DBCD000C2D67 /* Assets.xcassets */ = {isa = PBXFileReference; lastKnownFileType = folder.assetcatalog; path = Assets.xcassets; sourceTree = "<group>"; };
		3CC215C11DB0DBCD000C2D67 /* Base */ = {isa = PBXFileReference; lastKnownFileType = file.storyboard; name = Base; path = Base.lproj/LaunchScreen.storyboard; sourceTree = "<group>"; };
		3CC215C31DB0DBCD000C2D67 /* Info.plist */ = {isa = PBXFileReference; lastKnownFileType = text.plist.xml; path = Info.plist; sourceTree = "<group>"; };
		3CC215C91DB0DC21000C2D67 /* CoreLocation.framework */ = {isa = PBXFileReference; lastKnownFileType = wrapper.framework; name = CoreLocation.framework; path = System/Library/Frameworks/CoreLocation.framework; sourceTree = SDKROOT; };
		3CC215CB1DB0DC2E000C2D67 /* MapKit.framework */ = {isa = PBXFileReference; lastKnownFileType = wrapper.framework; name = MapKit.framework; path = System/Library/Frameworks/MapKit.framework; sourceTree = SDKROOT; };
		3CC215CD1DB0DCE0000C2D67 /* TableViewCell.h */ = {isa = PBXFileReference; fileEncoding = 4; lastKnownFileType = sourcecode.c.h; path = TableViewCell.h; sourceTree = "<group>"; };
		3CC215CE1DB0DCE0000C2D67 /* TableViewCell.m */ = {isa = PBXFileReference; fileEncoding = 4; lastKnownFileType = sourcecode.c.objc; path = TableViewCell.m; sourceTree = "<group>"; };
		3CC215D01DB0DD10000C2D67 /* secViewController.h */ = {isa = PBXFileReference; fileEncoding = 4; lastKnownFileType = sourcecode.c.h; path = secViewController.h; sourceTree = "<group>"; };
		3CC215D11DB0DD10000C2D67 /* secViewController.m */ = {isa = PBXFileReference; fileEncoding = 4; lastKnownFileType = sourcecode.c.objc; path = secViewController.m; sourceTree = "<group>"; };
		3CC215D31DB0DDC8000C2D67 /* test.plist */ = {isa = PBXFileReference; fileEncoding = 4; lastKnownFileType = text.plist.xml; path = test.plist; sourceTree = "<group>"; };
/* End PBXFileReference section */

/* Begin PBXFrameworksBuildPhase section */
		3CC215A91DB0DBCD000C2D67 /* Frameworks */ = {
			isa = PBXFrameworksBuildPhase;
			buildActionMask = 2147483647;
			files = (
				3CC215CC1DB0DC2E000C2D67 /* MapKit.framework in Frameworks */,
				3CC215CA1DB0DC21000C2D67 /* CoreLocation.framework in Frameworks */,
			);
			runOnlyForDeploymentPostprocessing = 0;
		};
/* End PBXFrameworksBuildPhase section */

/* Begin PBXGroup section */
		3CC215A31DB0DBCC000C2D67 = {
			isa = PBXGroup;
			children = (
				3CC215C91DB0DC21000C2D67 /* CoreLocation.framework */,
				3CC215CB1DB0DC2E000C2D67 /* MapKit.framework */,
				3CC215AE1DB0DBCD000C2D67 /* mappp */,
				3CC215AD1DB0DBCD000C2D67 /* Products */,
			);
			sourceTree = "<group>";
		};
		3CC215AD1DB0DBCD000C2D67 /* Products */ = {
			isa = PBXGroup;
			children = (
				3CC215AC1DB0DBCD000C2D67 /* mappp.app */,
			);
			name = Products;
			sourceTree = "<group>";
		};
		3CC215AE1DB0DBCD000C2D67 /* mappp */ = {
			isa = PBXGroup;
			children = (
				3CC215B21DB0DBCD000C2D67 /* AppDelegate.h */,
				3CC215B31DB0DBCD000C2D67 /* AppDelegate.m */,
				3CC215B51DB0DBCD000C2D67 /* ViewController.h */,
				3CC215B61DB0DBCD000C2D67 /* ViewController.m */,
				3CC215D01DB0DD10000C2D67 /* secViewController.h */,
				3CC215D11DB0DD10000C2D67 /* secViewController.m */,
				3CC215D31DB0DDC8000C2D67 /* test.plist */,
				3CC215CD1DB0DCE0000C2D67 /* TableViewCell.h */,
				3CC215CE1DB0DCE0000C2D67 /* TableViewCell.m */,
				3CC215B81DB0DBCD000C2D67 /* Main.storyboard */,
				3CC215BE1DB0DBCD000C2D67 /* Assets.xcassets */,
				3CC215C01DB0DBCD000C2D67 /* LaunchScreen.storyboard */,
				3CC215C31DB0DBCD000C2D67 /* Info.plist */,
				3CC215BB1DB0DBCD000C2D67 /* mappp.xcdatamodeld */,
				3CC215AF1DB0DBCD000C2D67 /* Supporting Files */,
			);
			path = mappp;
			sourceTree = "<group>";
		};
		3CC215AF1DB0DBCD000C2D67 /* Supporting Files */ = {
			isa = PBXGroup;
			children = (
				3CC215B01DB0DBCD000C2D67 /* main.m */,
			);
			name = "Supporting Files";
			sourceTree = "<group>";
		};
/* End PBXGroup section */

/* Begin PBXNativeTarget section */
		3CC215AB1DB0DBCD000C2D67 /* mappp */ = {
			isa = PBXNativeTarget;
			buildConfigurationList = 3CC215C61DB0DBCD000C2D67 /* Build configuration list for PBXNativeTarget "mappp" */;
			buildPhases = (
				3CC215A81DB0DBCD000C2D67 /* Sources */,
				3CC215A91DB0DBCD000C2D67 /* Frameworks */,
				3CC215AA1DB0DBCD000C2D67 /* Resources */,
			);
			buildRules = (
			);
			dependencies = (
			);
			name = mappp;
			productName = mappp;
			productReference = 3CC215AC1DB0DBCD000C2D67 /* mappp.app */;
			productType = "com.apple.product-type.application";
		};
/* End PBXNativeTarget section */

/* Begin PBXProject section */
		3CC215A41DB0DBCC000C2D67 /* Project object */ = {
			isa = PBXProject;
			attributes = {
				LastUpgradeCheck = 0730;
				ORGANIZATIONNAME = Greens;
				TargetAttributes = {
					3CC215AB1DB0DBCD000C2D67 = {
						CreatedOnToolsVersion = 7.3.1;
						DevelopmentTeam = 44B4HL5WCW;
					};
				};
			};
			buildConfigurationList = 3CC215A71DB0DBCC000C2D67 /* Build configuration list for PBXProject "mappp" */;
			compatibilityVersion = "Xcode 3.2";
			developmentRegion = English;
			hasScannedForEncodings = 0;
			knownRegions = (
				en,
				Base,
			);
			mainGroup = 3CC215A31DB0DBCC000C2D67;
			productRefGroup = 3CC215AD1DB0DBCD000C2D67 /* Products */;
			projectDirPath = "";
			projectRoot = "";
			targets = (
				3CC215AB1DB0DBCD000C2D67 /* mappp */,
			);
		};
/* End PBXProject section */

/* Begin PBXResourcesBuildPhase section */
		3CC215AA1DB0DBCD000C2D67 /* Resources */ = {
			isa = PBXResourcesBuildPhase;
			buildActionMask = 2147483647;
			files = (
				3CC215D41DB0DDC8000C2D67 /* test.plist in Resources */,
				3CC215C21DB0DBCD000C2D67 /* LaunchScreen.storyboard in Resources */,
				3CC215BF1DB0DBCD000C2D67 /* Assets.xcassets in Resources */,
				3CC215BA1DB0DBCD000C2D67 /* Main.storyboard in Resources */,
			);
			runOnlyForDeploymentPostprocessing = 0;
		};
/* End PBXResourcesBuildPhase section */

/* Begin PBXSourcesBuildPhase section */
		3CC215A81DB0DBCD000C2D67 /* Sources */ = {
			isa = PBXSourcesBuildPhase;
			buildActionMask = 2147483647;
			files = (
				3CC215BD1DB0DBCD000C2D67 /* mappp.xcdatamodeld in Sources */,
				3CC215B71DB0DBCD000C2D67 /* ViewController.m in Sources */,
				3CC215B41DB0DBCD000C2D67 /* AppDelegate.m in Sources */,
				3CC215CF1DB0DCE0000C2D67 /* TableViewCell.m in Sources */,
				3CC215D21DB0DD10000C2D67 /* secViewController.m in Sources */,
				3CC215B11DB0DBCD000C2D67 /* main.m in Sources */,
			);
			runOnlyForDeploymentPostprocessing = 0;
		};
/* End PBXSourcesBuildPhase section */

/* Begin PBXVariantGroup section */
		3CC215B81DB0DBCD000C2D67 /* Main.storyboard */ = {
			isa = PBXVariantGroup;
			children = (
				3CC215B91DB0DBCD000C2D67 /* Base */,
			);
			name = Main.storyboard;
			sourceTree = "<group>";
		};
		3CC215C01DB0DBCD000C2D67 /* LaunchScreen.storyboard */ = {
			isa = PBXVariantGroup;
			children = (
				3CC215C11DB0DBCD000C2D67 /* Base */,
			);
			name = LaunchScreen.storyboard;
			sourceTree = "<group>";
		};
/* End PBXVariantGroup section */

/* Begin XCBuildConfiguration section */
		3CC215C41DB0DBCD000C2D67 /* Debug */ = {
			isa = XCBuildConfiguration;
			buildSettings = {
				ALWAYS_SEARCH_USER_PATHS = NO;
				CLANG_ANALYZER_NONNULL = YES;
				CLANG_CXX_LANGUAGE_STANDARD = "gnu++0x";
				CLANG_CXX_LIBRARY = "libc++";
				CLANG_ENABLE_MODULES = YES;
				CLANG_ENABLE_OBJC_ARC = YES;
				CLANG_WARN_BOOL_CONVERSION = YES;
				CLANG_WARN_CONSTANT_CONVERSION = YES;
				CLANG_WARN_DIRECT_OBJC_ISA_USAGE = YES_ERROR;
				CLANG_WARN_EMPTY_BODY = YES;
				CLANG_WARN_ENUM_CONVERSION = YES;
				CLANG_WARN_INT_CONVERSION = YES;
				CLANG_WARN_OBJC_ROOT_CLASS = YES_ERROR;
				CLANG_WARN_UNREACHABLE_CODE = YES;
				CLANG_WARN__DUPLICATE_METHOD_MATCH = YES;
				"CODE_SIGN_IDENTITY[sdk=iphoneos*]" = "iPhone Developer";
				COPY_PHASE_STRIP = NO;
				DEBUG_INFORMATION_FORMAT = dwarf;
				ENABLE_STRICT_OBJC_MSGSEND = YES;
				ENABLE_TESTABILITY = YES;
				GCC_C_LANGUAGE_STANDARD = gnu99;
				GCC_DYNAMIC_NO_PIC = NO;
				GCC_NO_COMMON_BLOCKS = YES;
				GCC_OPTIMIZATION_LEVEL = 0;
				GCC_PREPROCESSOR_DEFINITIONS = (
					"DEBUG=1",
					"$(inherited)",
				);
				GCC_WARN_64_TO_32_BIT_CONVERSION = YES;
				GCC_WARN_ABOUT_RETURN_TYPE = YES_ERROR;
				GCC_WARN_UNDECLARED_SELECTOR = YES;
				GCC_WARN_UNINITIALIZED_AUTOS = YES_AGGRESSIVE;
				GCC_WARN_UNUSED_FUNCTION = YES;
				GCC_WARN_UNUSED_VARIABLE = YES;
				IPHONEOS_DEPLOYMENT_TARGET = 9.3;
				MTL_ENABLE_DEBUG_INFO = YES;
				ONLY_ACTIVE_ARCH = YES;
				SDKROOT = iphoneos;
			};
			name = Debug;
		};
		3CC215C51DB0DBCD000C2D67 /* Release */ = {
			isa = XCBuildConfiguration;
			buildSettings = {
				ALWAYS_SEARCH_USER_PATHS = NO;
				CLANG_ANALYZER_NONNULL = YES;
				CLANG_CXX_LANGUAGE_STANDARD = "gnu++0x";
				CLANG_CXX_LIBRARY = "libc++";
				CLANG_ENABLE_MODULES = YES;
				CLANG_ENABLE_OBJC_ARC = YES;
				CLANG_WARN_BOOL_CONVERSION = YES;
				CLANG_WARN_CONSTANT_CONVERSION = YES;
				CLANG_WARN_DIRECT_OBJC_ISA_USAGE = YES_ERROR;
				CLANG_WARN_EMPTY_BODY = YES;
				CLANG_WARN_ENUM_CONVERSION = YES;
				CLANG_WARN_INT_CONVERSION = YES;
				CLANG_WARN_OBJC_ROOT_CLASS = YES_ERROR;
				CLANG_WARN_UNREACHABLE_CODE = YES;
				CLANG_WARN__DUPLICATE_METHOD_MATCH = YES;
				"CODE_SIGN_IDENTITY[sdk=iphoneos*]" = "iPhone Developer";
				COPY_PHASE_STRIP = NO;
				DEBUG_INFORMATION_FORMAT = "dwarf-with-dsym";
				ENABLE_NS_ASSERTIONS = NO;
				ENABLE_STRICT_OBJC_MSGSEND = YES;
				GCC_C_LANGUAGE_STANDARD = gnu99;
				GCC_NO_COMMON_BLOCKS = YES;
				GCC_WARN_64_TO_32_BIT_CONVERSION = YES;
				GCC_WARN_ABOUT_RETURN_TYPE = YES_ERROR;
				GCC_WARN_UNDECLARED_SELECTOR = YES;
				GCC_WARN_UNINITIALIZED_AUTOS = YES_AGGRESSIVE;
				GCC_WARN_UNUSED_FUNCTION = YES;
				GCC_WARN_UNUSED_VARIABLE = YES;
				IPHONEOS_DEPLOYMENT_TARGET = 9.3;
				MTL_ENABLE_DEBUG_INFO = NO;
				SDKROOT = iphoneos;
				VALIDATE_PRODUCT = YES;
			};
			name = Release;
		};
		3CC215C71DB0DBCD000C2D67 /* Debug */ = {
			isa = XCBuildConfiguration;
			buildSettings = {
				ASSETCATALOG_COMPILER_APPICON_NAME = AppIcon;
				INFOPLIST_FILE = mappp/Info.plist;
				LD_RUNPATH_SEARCH_PATHS = "$(inherited) @executable_path/Frameworks";
				PRODUCT_BUNDLE_IDENTIFIER = com.greens.mappp;
				PRODUCT_NAME = "$(TARGET_NAME)";
			};
			name = Debug;
		};
		3CC215C81DB0DBCD000C2D67 /* Release */ = {
			isa = XCBuildConfiguration;
			buildSettings = {
				ASSETCATALOG_COMPILER_APPICON_NAME = AppIcon;
				INFOPLIST_FILE = mappp/Info.plist;
				LD_RUNPATH_SEARCH_PATHS = "$(inherited) @executable_path/Frameworks";
				PRODUCT_BUNDLE_IDENTIFIER = com.greens.mappp;
				PRODUCT_NAME = "$(TARGET_NAME)";
			};
			name = Release;
		};
/* End XCBuildConfiguration section */

/* Begin XCConfigurationList section */
		3CC215A71DB0DBCC000C2D67 /* Build configuration list for PBXProject "mappp" */ = {
			isa = XCConfigurationList;
			buildConfigurations = (
				3CC215C41DB0DBCD000C2D67 /* Debug */,
				3CC215C51DB0DBCD000C2D67 /* Release */,
			);
			defaultConfigurationIsVisible = 0;
			defaultConfigurationName = Release;
		};
		3CC215C61DB0DBCD000C2D67 /* Build configuration list for PBXNativeTarget "mappp" */ = {
			isa = XCConfigurationList;
			buildConfigurations = (
				3CC215C71DB0DBCD000C2D67 /* Debug */,
				3CC215C81DB0DBCD000C2D67 /* Release */,
			);
			defaultConfigurationIsVisible = 0;
		};
/* End XCConfigurationList section */

/* Begin XCVersionGroup section */
		3CC215BB1DB0DBCD000C2D67 /* mappp.xcdatamodeld */ = {
			isa = XCVersionGroup;
			children = (
				3CC215BC1DB0DBCD000C2D67 /* mappp.xcdatamodel */,
			);
			currentVersion = 3CC215BC1DB0DBCD000C2D67 /* mappp.xcdatamodel */;
			path = mappp.xcdatamodeld;
			sourceTree = "<group>";
			versionGroupType = wrapper.xcdatamodel;
		};
/* End XCVersionGroup section */
	};
	rootObject = 3CC215A41DB0DBCC000C2D67 /* Project object */;
}
